
Microsoft Visual Studio Solution File, Format Version 12.00
# Visual Studio Version 16
VisualStudioVersion = 16.0.30523.141
MinimumVisualStudioVersion = 10.0.40219.1
Project("{FAE04EC0-301F-11D3-BF4B-00C04F79EFBC}") = "Ejercicio_1", "Ejercicio_1\Ejercicio_1.csproj", "{D73B932A-2DA8-419A-A6A1-DDAF5CC1416C}"
EndProject
Global
	GlobalSection(SolutionConfigurationPlatforms) = preSolution
		Debug|Any CPU = Debug|Any CPU
		Release|Any CPU = Release|Any CPU
	EndGlobalSection
	GlobalSection(ProjectConfigurationPlatforms) = postSolution
		{D73B932A-2DA8-419A-A6A1-DDAF5CC1416C}.Debug|Any CPU.ActiveCfg = Debug|Any CPU
		{D73B932A-2DA8-419A-A6A1-DDAF5CC1416C}.Debug|Any CPU.Build.0 = Debug|Any CPU
		{D73B932A-2DA8-419A-A6A1-DDAF5CC1416C}.Release|Any CPU.ActiveCfg = Release|Any CPU
		{D73B932A-2DA8-419A-A6A1-DDAF5CC1416C}.Release|Any CPU.Build.0 = Release|Any CPU
	EndGlobalSection
	GlobalSection(SolutionProperties) = preSolution
		HideSolutionNode = FALSE
	EndGlobalSection
	GlobalSection(ExtensibilityGlobals) = postSolution
		SolutionGuid = {AF268FE1-5971-4862-ACCC-246E0BB44B56}
	EndGlobalSection
EndGlobal
