
Microsoft Visual Studio Solution File, Format Version 12.00
# Visual Studio Version 16
VisualStudioVersion = 16.0.30523.141
MinimumVisualStudioVersion = 10.0.40219.1
Project("{FAE04EC0-301F-11D3-BF4B-00C04F79EFBC}") = "Ejercicio_3", "Ejercicio_2\Ejercicio_3.csproj", "{BC6B393D-F269-4F54-BBFC-77BDFF00664E}"
EndProject
Global
	GlobalSection(SolutionConfigurationPlatforms) = preSolution
		Debug|Any CPU = Debug|Any CPU
		Release|Any CPU = Release|Any CPU
	EndGlobalSection
	GlobalSection(ProjectConfigurationPlatforms) = postSolution
		{BC6B393D-F269-4F54-BBFC-77BDFF00664E}.Debug|Any CPU.ActiveCfg = Debug|Any CPU
		{BC6B393D-F269-4F54-BBFC-77BDFF00664E}.Debug|Any CPU.Build.0 = Debug|Any CPU
		{BC6B393D-F269-4F54-BBFC-77BDFF00664E}.Release|Any CPU.ActiveCfg = Release|Any CPU
		{BC6B393D-F269-4F54-BBFC-77BDFF00664E}.Release|Any CPU.Build.0 = Release|Any CPU
	EndGlobalSection
	GlobalSection(SolutionProperties) = preSolution
		HideSolutionNode = FALSE
	EndGlobalSection
	GlobalSection(ExtensibilityGlobals) = postSolution
		SolutionGuid = {B3314BD7-F579-4B65-A95E-43523D4C7F6C}
	EndGlobalSection
EndGlobal
